
Microsoft Visual Studio Solution File, Format Version 12.00
# Visual Studio Version 17
VisualStudioVersion = 17.14.37516.0 d17.14
MinimumVisualStudioVersion = 10.0.40219.1
Project("{FAE04EC0-301F-11D3-BF4B-00C04F79EFBC}") = "ConsolePolymorphism", "ConsolePolymorphism\ConsolePolymorphism.csproj", "{6077A28B-C6FE-46C6-9FC5-E6E552690128}"
EndProject
Global
	GlobalSection(SolutionConfigurationPlatforms) = preSolution
		Debug|Any CPU = Debug|Any CPU
		Release|Any CPU = Release|Any CPU
	EndGlobalSection
	GlobalSection(ProjectConfigurationPlatforms) = postSolution
		{6077A28B-C6FE-46C6-9FC5-E6E552690128}.Debug|Any CPU.ActiveCfg = Debug|Any CPU
		{6077A28B-C6FE-46C6-9FC5-E6E552690128}.Debug|Any CPU.Build.0 = Debug|Any CPU
		{6077A28B-C6FE-46C6-9FC5-E6E552690128}.Release|Any CPU.ActiveCfg = Release|Any CPU
		{6077A28B-C6FE-46C6-9FC5-E6E552690128}.Release|Any CPU.Build.0 = Release|Any CPU
	EndGlobalSection
	GlobalSection(SolutionProperties) = preSolution
		HideSolutionNode = FALSE
	EndGlobalSection
	GlobalSection(ExtensibilityGlobals) = postSolution
		SolutionGuid = {4B5A4D04-D28D-4E2C-AE8A-11622AE723B6}
	EndGlobalSection
EndGlobal
