
Microsoft Visual Studio Solution File, Format Version 12.00
# Visual Studio Version 17
VisualStudioVersion = 17.14.37516.0 d17.14
MinimumVisualStudioVersion = 10.0.40219.1
Project("{FAE04EC0-301F-11D3-BF4B-00C04F79EFBC}") = "Operatorsoverload", "Operatorsoverload\Operatorsoverload.csproj", "{3E19AA85-8025-4DF7-9464-DBF81E6E0F9F}"
EndProject
Global
	GlobalSection(SolutionConfigurationPlatforms) = preSolution
		Debug|Any CPU = Debug|Any CPU
		Release|Any CPU = Release|Any CPU
	EndGlobalSection
	GlobalSection(ProjectConfigurationPlatforms) = postSolution
		{3E19AA85-8025-4DF7-9464-DBF81E6E0F9F}.Debug|Any CPU.ActiveCfg = Debug|Any CPU
		{3E19AA85-8025-4DF7-9464-DBF81E6E0F9F}.Debug|Any CPU.Build.0 = Debug|Any CPU
		{3E19AA85-8025-4DF7-9464-DBF81E6E0F9F}.Release|Any CPU.ActiveCfg = Release|Any CPU
		{3E19AA85-8025-4DF7-9464-DBF81E6E0F9F}.Release|Any CPU.Build.0 = Release|Any CPU
	EndGlobalSection
	GlobalSection(SolutionProperties) = preSolution
		HideSolutionNode = FALSE
	EndGlobalSection
	GlobalSection(ExtensibilityGlobals) = postSolution
		SolutionGuid = {64BF8870-C67B-4A8B-A7B5-CFDD88A1D4A6}
	EndGlobalSection
EndGlobal
