
Microsoft Visual Studio Solution File, Format Version 12.00
# Visual Studio Version 17
VisualStudioVersion = 17.14.37516.0 d17.14
MinimumVisualStudioVersion = 10.0.40219.1
Project("{FAE04EC0-301F-11D3-BF4B-00C04F79EFBC}") = "WelcomeScreen", "WelcomeScreen\WelcomeScreen.csproj", "{97AE14E9-AF29-4B1B-8F49-C3744FA20973}"
EndProject
Global
	GlobalSection(SolutionConfigurationPlatforms) = preSolution
		Debug|Any CPU = Debug|Any CPU
		Release|Any CPU = Release|Any CPU
	EndGlobalSection
	GlobalSection(ProjectConfigurationPlatforms) = postSolution
		{97AE14E9-AF29-4B1B-8F49-C3744FA20973}.Debug|Any CPU.ActiveCfg = Debug|Any CPU
		{97AE14E9-AF29-4B1B-8F49-C3744FA20973}.Debug|Any CPU.Build.0 = Debug|Any CPU
		{97AE14E9-AF29-4B1B-8F49-C3744FA20973}.Release|Any CPU.ActiveCfg = Release|Any CPU
		{97AE14E9-AF29-4B1B-8F49-C3744FA20973}.Release|Any CPU.Build.0 = Release|Any CPU
	EndGlobalSection
	GlobalSection(SolutionProperties) = preSolution
		HideSolutionNode = FALSE
	EndGlobalSection
	GlobalSection(ExtensibilityGlobals) = postSolution
		SolutionGuid = {76844D31-8A96-46BB-B6B8-C8C15C1AA7DA}
	EndGlobalSection
EndGlobal
